
Microsoft Visual Studio Solution File, Format Version 12.00
# Visual Studio Version 17
VisualStudioVersion = 17.0.31903.59
MinimumVisualStudioVersion = 10.0.40219.1
Project("{2150E333-8FDC-42A3-9474-1A3956D46DE8}") = "src", "src", "{FC15CAEE-0472-43D3-9A27-38F722FB8C3B}"
EndProject
Project("{FAE04EC0-301F-11D3-BF4B-00C04F79EFBC}") = "TripHelper.Api", "src\TripHelper.Api\TripHelper.Api.csproj", "{ADCE7DEF-0AA6-4BBB-8102-2C2D1F5E38F3}"
EndProject
Project("{FAE04EC0-301F-11D3-BF4B-00C04F79EFBC}") = "TripHelper.Application", "src\TripHelper.Application\TripHelper.Application.csproj", "{7C881B3B-8E4F-4DAE-B869-DDFF8AD9A7C8}"
EndProject
Project("{FAE04EC0-301F-11D3-BF4B-00C04F79EFBC}") = "TripHelper.Domain", "src\TripHelper.Domain\TripHelper.Domain.csproj", "{64393E7B-1631-41E0-A24F-C693B025DE02}"
EndProject
Project("{FAE04EC0-301F-11D3-BF4B-00C04F79EFBC}") = "TripHelper.Infrastructure", "src\TripHelper.Infrastructure\TripHelper.Infrastructure.csproj", "{954D3E5C-C342-4190-840D-932BDBF6A2EC}"
EndProject
Project("{FAE04EC0-301F-11D3-BF4B-00C04F79EFBC}") = "TripHelper.Contracts", "src\TripHelper.Contracts\TripHelper.Contracts.csproj", "{4B2E8EC4-267E-4856-AFFD-198247613BED}"
EndProject
Project("{2150E333-8FDC-42A3-9474-1A3956D46DE8}") = "tests", "tests", "{3DFE7091-4343-4D5B-9E14-A265A8995F4B}"
EndProject
Project("{FAE04EC0-301F-11D3-BF4B-00C04F79EFBC}") = "TestCommon", "tests\TestCommon\TestCommon.csproj", "{B3DC4831-B928-4AAE-8AEA-D2A28E1C960B}"
EndProject
Project("{FAE04EC0-301F-11D3-BF4B-00C04F79EFBC}") = "TripHelper.Domain.UnitTests", "tests\TripHelper.Domain.UnitTests\TripHelper.Domain.UnitTests.csproj", "{3974C69C-8DB8-4090-94A4-B3CF9F4B6376}"
EndProject
Project("{FAE04EC0-301F-11D3-BF4B-00C04F79EFBC}") = "TripHelper.Application.UnitTests", "tests\TripHelper.Application.UnitTests\TripHelper.Application.UnitTests.csproj", "{D83E1CAA-775A-46BF-8787-C5F790ADAB83}"
EndProject
Project("{FAE04EC0-301F-11D3-BF4B-00C04F79EFBC}") = "TripHelper.Application.SubcutaneousTests", "tests\TripHelper.Application.SubcutaneousTests\TripHelper.Application.SubcutaneousTests.csproj", "{02457FF5-0451-49FA-ABE5-DE698654EDFD}"
EndProject
Project("{FAE04EC0-301F-11D3-BF4B-00C04F79EFBC}") = "TripHelper.Api.IntegrationTests", "tests\TripHelper.Api.IntegrationTests\TripHelper.Api.IntegrationTests.csproj", "{81767804-7144-46F3-8C58-17C3B8F52A0A}"
EndProject
Global
	GlobalSection(SolutionConfigurationPlatforms) = preSolution
		Debug|Any CPU = Debug|Any CPU
		Release|Any CPU = Release|Any CPU
	EndGlobalSection
	GlobalSection(SolutionProperties) = preSolution
		HideSolutionNode = FALSE
	EndGlobalSection
	GlobalSection(ProjectConfigurationPlatforms) = postSolution
		{ADCE7DEF-0AA6-4BBB-8102-2C2D1F5E38F3}.Debug|Any CPU.ActiveCfg = Debug|Any CPU
		{ADCE7DEF-0AA6-4BBB-8102-2C2D1F5E38F3}.Debug|Any CPU.Build.0 = Debug|Any CPU
		{ADCE7DEF-0AA6-4BBB-8102-2C2D1F5E38F3}.Release|Any CPU.ActiveCfg = Release|Any CPU
		{ADCE7DEF-0AA6-4BBB-8102-2C2D1F5E38F3}.Release|Any CPU.Build.0 = Release|Any CPU
		{7C881B3B-8E4F-4DAE-B869-DDFF8AD9A7C8}.Debug|Any CPU.ActiveCfg = Debug|Any CPU
		{7C881B3B-8E4F-4DAE-B869-DDFF8AD9A7C8}.Debug|Any CPU.Build.0 = Debug|Any CPU
		{7C881B3B-8E4F-4DAE-B869-DDFF8AD9A7C8}.Release|Any CPU.ActiveCfg = Release|Any CPU
		{7C881B3B-8E4F-4DAE-B869-DDFF8AD9A7C8}.Release|Any CPU.Build.0 = Release|Any CPU
		{64393E7B-1631-41E0-A24F-C693B025DE02}.Debug|Any CPU.ActiveCfg = Debug|Any CPU
		{64393E7B-1631-41E0-A24F-C693B025DE02}.Debug|Any CPU.Build.0 = Debug|Any CPU
		{64393E7B-1631-41E0-A24F-C693B025DE02}.Release|Any CPU.ActiveCfg = Release|Any CPU
		{64393E7B-1631-41E0-A24F-C693B025DE02}.Release|Any CPU.Build.0 = Release|Any CPU
		{954D3E5C-C342-4190-840D-932BDBF6A2EC}.Debug|Any CPU.ActiveCfg = Debug|Any CPU
		{954D3E5C-C342-4190-840D-932BDBF6A2EC}.Debug|Any CPU.Build.0 = Debug|Any CPU
		{954D3E5C-C342-4190-840D-932BDBF6A2EC}.Release|Any CPU.ActiveCfg = Release|Any CPU
		{954D3E5C-C342-4190-840D-932BDBF6A2EC}.Release|Any CPU.Build.0 = Release|Any CPU
		{4B2E8EC4-267E-4856-AFFD-198247613BED}.Debug|Any CPU.ActiveCfg = Debug|Any CPU
		{4B2E8EC4-267E-4856-AFFD-198247613BED}.Debug|Any CPU.Build.0 = Debug|Any CPU
		{4B2E8EC4-267E-4856-AFFD-198247613BED}.Release|Any CPU.ActiveCfg = Release|Any CPU
		{4B2E8EC4-267E-4856-AFFD-198247613BED}.Release|Any CPU.Build.0 = Release|Any CPU
		{B3DC4831-B928-4AAE-8AEA-D2A28E1C960B}.Debug|Any CPU.ActiveCfg = Debug|Any CPU
		{B3DC4831-B928-4AAE-8AEA-D2A28E1C960B}.Debug|Any CPU.Build.0 = Debug|Any CPU
		{B3DC4831-B928-4AAE-8AEA-D2A28E1C960B}.Release|Any CPU.ActiveCfg = Release|Any CPU
		{B3DC4831-B928-4AAE-8AEA-D2A28E1C960B}.Release|Any CPU.Build.0 = Release|Any CPU
		{3974C69C-8DB8-4090-94A4-B3CF9F4B6376}.Debug|Any CPU.ActiveCfg = Debug|Any CPU
		{3974C69C-8DB8-4090-94A4-B3CF9F4B6376}.Debug|Any CPU.Build.0 = Debug|Any CPU
		{3974C69C-8DB8-4090-94A4-B3CF9F4B6376}.Release|Any CPU.ActiveCfg = Release|Any CPU
		{3974C69C-8DB8-4090-94A4-B3CF9F4B6376}.Release|Any CPU.Build.0 = Release|Any CPU
		{D83E1CAA-775A-46BF-8787-C5F790ADAB83}.Debug|Any CPU.ActiveCfg = Debug|Any CPU
		{D83E1CAA-775A-46BF-8787-C5F790ADAB83}.Debug|Any CPU.Build.0 = Debug|Any CPU
		{D83E1CAA-775A-46BF-8787-C5F790ADAB83}.Release|Any CPU.ActiveCfg = Release|Any CPU
		{D83E1CAA-775A-46BF-8787-C5F790ADAB83}.Release|Any CPU.Build.0 = Release|Any CPU
		{02457FF5-0451-49FA-ABE5-DE698654EDFD}.Debug|Any CPU.ActiveCfg = Debug|Any CPU
		{02457FF5-0451-49FA-ABE5-DE698654EDFD}.Debug|Any CPU.Build.0 = Debug|Any CPU
		{02457FF5-0451-49FA-ABE5-DE698654EDFD}.Release|Any CPU.ActiveCfg = Release|Any CPU
		{02457FF5-0451-49FA-ABE5-DE698654EDFD}.Release|Any CPU.Build.0 = Release|Any CPU
		{81767804-7144-46F3-8C58-17C3B8F52A0A}.Debug|Any CPU.ActiveCfg = Debug|Any CPU
		{81767804-7144-46F3-8C58-17C3B8F52A0A}.Debug|Any CPU.Build.0 = Debug|Any CPU
		{81767804-7144-46F3-8C58-17C3B8F52A0A}.Release|Any CPU.ActiveCfg = Release|Any CPU
		{81767804-7144-46F3-8C58-17C3B8F52A0A}.Release|Any CPU.Build.0 = Release|Any CPU
	EndGlobalSection
	GlobalSection(NestedProjects) = preSolution
		{ADCE7DEF-0AA6-4BBB-8102-2C2D1F5E38F3} = {FC15CAEE-0472-43D3-9A27-38F722FB8C3B}
		{7C881B3B-8E4F-4DAE-B869-DDFF8AD9A7C8} = {FC15CAEE-0472-43D3-9A27-38F722FB8C3B}
		{64393E7B-1631-41E0-A24F-C693B025DE02} = {FC15CAEE-0472-43D3-9A27-38F722FB8C3B}
		{954D3E5C-C342-4190-840D-932BDBF6A2EC} = {FC15CAEE-0472-43D3-9A27-38F722FB8C3B}
		{4B2E8EC4-267E-4856-AFFD-198247613BED} = {FC15CAEE-0472-43D3-9A27-38F722FB8C3B}
		{B3DC4831-B928-4AAE-8AEA-D2A28E1C960B} = {3DFE7091-4343-4D5B-9E14-A265A8995F4B}
		{3974C69C-8DB8-4090-94A4-B3CF9F4B6376} = {3DFE7091-4343-4D5B-9E14-A265A8995F4B}
		{D83E1CAA-775A-46BF-8787-C5F790ADAB83} = {3DFE7091-4343-4D5B-9E14-A265A8995F4B}
		{02457FF5-0451-49FA-ABE5-DE698654EDFD} = {3DFE7091-4343-4D5B-9E14-A265A8995F4B}
		{81767804-7144-46F3-8C58-17C3B8F52A0A} = {3DFE7091-4343-4D5B-9E14-A265A8995F4B}
	EndGlobalSection
EndGlobal
